
Microsoft Visual Studio Solution File, Format Version 12.00
# Visual Studio Version 16
VisualStudioVersion = 16.0.29215.179
MinimumVisualStudioVersion = 10.0.40219.1
Project("{FAE04EC0-301F-11D3-BF4B-00C04F79EFBC}") = "web-sovellus", "web-sovellus\web-sovellus.csproj", "{75BE0B28-5432-407C-A348-2AE0ED4F805A}"
EndProject
Global
	GlobalSection(SolutionConfigurationPlatforms) = preSolution
		Debug|Any CPU = Debug|Any CPU
		Release|Any CPU = Release|Any CPU
	EndGlobalSection
	GlobalSection(ProjectConfigurationPlatforms) = postSolution
		{75BE0B28-5432-407C-A348-2AE0ED4F805A}.Debug|Any CPU.ActiveCfg = Debug|Any CPU
		{75BE0B28-5432-407C-A348-2AE0ED4F805A}.Debug|Any CPU.Build.0 = Debug|Any CPU
		{75BE0B28-5432-407C-A348-2AE0ED4F805A}.Release|Any CPU.ActiveCfg = Release|Any CPU
		{75BE0B28-5432-407C-A348-2AE0ED4F805A}.Release|Any CPU.Build.0 = Release|Any CPU
	EndGlobalSection
	GlobalSection(SolutionProperties) = preSolution
		HideSolutionNode = FALSE
	EndGlobalSection
	GlobalSection(ExtensibilityGlobals) = postSolution
		SolutionGuid = {6D89F07B-F34A-4941-9288-4F4E4EEDA659}
	EndGlobalSection
EndGlobal
